
Microsoft Visual Studio Solution File, Format Version 12.00
# Visual Studio Version 16
VisualStudioVersion = 16.6.30114.105
MinimumVisualStudioVersion = 10.0.40219.1
Project("{FAE04EC0-301F-11D3-BF4B-00C04F79EFBC}") = "LibrariesTestingUI", "LibrariesTestingUI\LibrariesTestingUI.csproj", "{793D136C-3F78-4D18-B549-E1D01924790E}"
EndProject
Project("{FAE04EC0-301F-11D3-BF4B-00C04F79EFBC}") = "Clock", "Clock\Clock.csproj", "{8DDABAB3-B2A5-41CF-BEFA-FE08DBA1BEBF}"
EndProject
Project("{FAE04EC0-301F-11D3-BF4B-00C04F79EFBC}") = "Logger", "Logger\Logger.csproj", "{EE7E8C87-40F0-44E9-B1FF-F27FE5F03E63}"
EndProject
Global
	GlobalSection(SolutionConfigurationPlatforms) = preSolution
		Debug|Any CPU = Debug|Any CPU
		Debug|x64 = Debug|x64
		Debug|x86 = Debug|x86
		Release|Any CPU = Release|Any CPU
		Release|x64 = Release|x64
		Release|x86 = Release|x86
	EndGlobalSection
	GlobalSection(SolutionProperties) = preSolution
		HideSolutionNode = FALSE
	EndGlobalSection
	GlobalSection(ProjectConfigurationPlatforms) = postSolution
		{793D136C-3F78-4D18-B549-E1D01924790E}.Debug|Any CPU.ActiveCfg = Debug|Any CPU
		{793D136C-3F78-4D18-B549-E1D01924790E}.Debug|Any CPU.Build.0 = Debug|Any CPU
		{793D136C-3F78-4D18-B549-E1D01924790E}.Debug|x64.ActiveCfg = Debug|Any CPU
		{793D136C-3F78-4D18-B549-E1D01924790E}.Debug|x64.Build.0 = Debug|Any CPU
		{793D136C-3F78-4D18-B549-E1D01924790E}.Debug|x86.ActiveCfg = Debug|Any CPU
		{793D136C-3F78-4D18-B549-E1D01924790E}.Debug|x86.Build.0 = Debug|Any CPU
		{793D136C-3F78-4D18-B549-E1D01924790E}.Release|Any CPU.ActiveCfg = Release|Any CPU
		{793D136C-3F78-4D18-B549-E1D01924790E}.Release|Any CPU.Build.0 = Release|Any CPU
		{793D136C-3F78-4D18-B549-E1D01924790E}.Release|x64.ActiveCfg = Release|Any CPU
		{793D136C-3F78-4D18-B549-E1D01924790E}.Release|x64.Build.0 = Release|Any CPU
		{793D136C-3F78-4D18-B549-E1D01924790E}.Release|x86.ActiveCfg = Release|Any CPU
		{793D136C-3F78-4D18-B549-E1D01924790E}.Release|x86.Build.0 = Release|Any CPU
		{8DDABAB3-B2A5-41CF-BEFA-FE08DBA1BEBF}.Debug|Any CPU.ActiveCfg = Debug|Any CPU
		{8DDABAB3-B2A5-41CF-BEFA-FE08DBA1BEBF}.Debug|Any CPU.Build.0 = Debug|Any CPU
		{8DDABAB3-B2A5-41CF-BEFA-FE08DBA1BEBF}.Debug|x64.ActiveCfg = Debug|Any CPU
		{8DDABAB3-B2A5-41CF-BEFA-FE08DBA1BEBF}.Debug|x64.Build.0 = Debug|Any CPU
		{8DDABAB3-B2A5-41CF-BEFA-FE08DBA1BEBF}.Debug|x86.ActiveCfg = Debug|Any CPU
		{8DDABAB3-B2A5-41CF-BEFA-FE08DBA1BEBF}.Debug|x86.Build.0 = Debug|Any CPU
		{8DDABAB3-B2A5-41CF-BEFA-FE08DBA1BEBF}.Release|Any CPU.ActiveCfg = Release|Any CPU
		{8DDABAB3-B2A5-41CF-BEFA-FE08DBA1BEBF}.Release|Any CPU.Build.0 = Release|Any CPU
		{8DDABAB3-B2A5-41CF-BEFA-FE08DBA1BEBF}.Release|x64.ActiveCfg = Release|Any CPU
		{8DDABAB3-B2A5-41CF-BEFA-FE08DBA1BEBF}.Release|x64.Build.0 = Release|Any CPU
		{8DDABAB3-B2A5-41CF-BEFA-FE08DBA1BEBF}.Release|x86.ActiveCfg = Release|Any CPU
		{8DDABAB3-B2A5-41CF-BEFA-FE08DBA1BEBF}.Release|x86.Build.0 = Release|Any CPU
		{EE7E8C87-40F0-44E9-B1FF-F27FE5F03E63}.Debug|Any CPU.ActiveCfg = Debug|Any CPU
		{EE7E8C87-40F0-44E9-B1FF-F27FE5F03E63}.Debug|Any CPU.Build.0 = Debug|Any CPU
		{EE7E8C87-40F0-44E9-B1FF-F27FE5F03E63}.Debug|x64.ActiveCfg = Debug|Any CPU
		{EE7E8C87-40F0-44E9-B1FF-F27FE5F03E63}.Debug|x64.Build.0 = Debug|Any CPU
		{EE7E8C87-40F0-44E9-B1FF-F27FE5F03E63}.Debug|x86.ActiveCfg = Debug|Any CPU
		{EE7E8C87-40F0-44E9-B1FF-F27FE5F03E63}.Debug|x86.Build.0 = Debug|Any CPU
		{EE7E8C87-40F0-44E9-B1FF-F27FE5F03E63}.Release|Any CPU.ActiveCfg = Release|Any CPU
		{EE7E8C87-40F0-44E9-B1FF-F27FE5F03E63}.Release|Any CPU.Build.0 = Release|Any CPU
		{EE7E8C87-40F0-44E9-B1FF-F27FE5F03E63}.Release|x64.ActiveCfg = Release|Any CPU
		{EE7E8C87-40F0-44E9-B1FF-F27FE5F03E63}.Release|x64.Build.0 = Release|Any CPU
		{EE7E8C87-40F0-44E9-B1FF-F27FE5F03E63}.Release|x86.ActiveCfg = Release|Any CPU
		{EE7E8C87-40F0-44E9-B1FF-F27FE5F03E63}.Release|x86.Build.0 = Release|Any CPU
	EndGlobalSection
EndGlobal
